
Microsoft Visual Studio Solution File, Format Version 12.00
# Visual Studio Version 16
VisualStudioVersion = 16.0.31829.152
MinimumVisualStudioVersion = 10.0.40219.1
Project("{FAE04EC0-301F-11D3-BF4B-00C04F79EFBC}") = "UtilisateursGUI", "UtilisateursGUI.csproj", "{3BC99625-1F92-4EE9-A6FB-173FACA5337A}"
EndProject
Global
	GlobalSection(SolutionConfigurationPlatforms) = preSolution
		Debug|Any CPU = Debug|Any CPU
		Release|Any CPU = Release|Any CPU
	EndGlobalSection
	GlobalSection(ProjectConfigurationPlatforms) = postSolution
		{3BC99625-1F92-4EE9-A6FB-173FACA5337A}.Debug|Any CPU.ActiveCfg = Debug|Any CPU
		{3BC99625-1F92-4EE9-A6FB-173FACA5337A}.Debug|Any CPU.Build.0 = Debug|Any CPU
		{3BC99625-1F92-4EE9-A6FB-173FACA5337A}.Release|Any CPU.ActiveCfg = Release|Any CPU
		{3BC99625-1F92-4EE9-A6FB-173FACA5337A}.Release|Any CPU.Build.0 = Release|Any CPU
	EndGlobalSection
	GlobalSection(SolutionProperties) = preSolution
		HideSolutionNode = FALSE
	EndGlobalSection
	GlobalSection(ExtensibilityGlobals) = postSolution
		SolutionGuid = {E1EA107C-3CF6-4ADF-92FF-302F46142B82}
	EndGlobalSection
EndGlobal
