
Microsoft Visual Studio Solution File, Format Version 12.00
# Visual Studio Version 16
VisualStudioVersion = 16.0.31829.152
MinimumVisualStudioVersion = 10.0.40219.1
Project("{FAE04EC0-301F-11D3-BF4B-00C04F79EFBC}") = "UtilisateursBO", "UtilisateursBO.csproj", "{F7144DBC-9B29-4FE1-923B-30A31534E095}"
EndProject
Global
	GlobalSection(SolutionConfigurationPlatforms) = preSolution
		Debug|Any CPU = Debug|Any CPU
		Release|Any CPU = Release|Any CPU
	EndGlobalSection
	GlobalSection(ProjectConfigurationPlatforms) = postSolution
		{F7144DBC-9B29-4FE1-923B-30A31534E095}.Debug|Any CPU.ActiveCfg = Debug|Any CPU
		{F7144DBC-9B29-4FE1-923B-30A31534E095}.Debug|Any CPU.Build.0 = Debug|Any CPU
		{F7144DBC-9B29-4FE1-923B-30A31534E095}.Release|Any CPU.ActiveCfg = Release|Any CPU
		{F7144DBC-9B29-4FE1-923B-30A31534E095}.Release|Any CPU.Build.0 = Release|Any CPU
	EndGlobalSection
	GlobalSection(SolutionProperties) = preSolution
		HideSolutionNode = FALSE
	EndGlobalSection
	GlobalSection(ExtensibilityGlobals) = postSolution
		SolutionGuid = {ED229672-380F-4176-A84D-6A5882FAE7B5}
	EndGlobalSection
EndGlobal
